// !$*UTF8*$!
{
	archiveVersion = 1;
	classes = {
	};
	objectVersion = 51;
	objects = {

/* Begin PBXBuildFile section */
		4215BF9E24343E800057CD07 /* TopRatedInfoViewController.swift in Sources */ = {isa = PBXBuildFile; fileRef = 4215BF9D24343E800057CD07 /* TopRatedInfoViewController.swift */; };
		4220F277242B13BB00ACA591 /* SearchedCellTableViewCell.swift in Sources */ = {isa = PBXBuildFile; fileRef = 4220F275242B13BB00ACA591 /* SearchedCellTableViewCell.swift */; };
		4220F278242B13BB00ACA591 /* SearchedCellTableViewCell.xib in Resources */ = {isa = PBXBuildFile; fileRef = 4220F276242B13BB00ACA591 /* SearchedCellTableViewCell.xib */; };
		4222AA0B242521D400047104 /* CustomCellTableViewCell.swift in Sources */ = {isa = PBXBuildFile; fileRef = 4222AA09242521D400047104 /* CustomCellTableViewCell.swift */; };
		4222AA0C242521D400047104 /* CustomCellTableViewCell.xib in Resources */ = {isa = PBXBuildFile; fileRef = 4222AA0A242521D400047104 /* CustomCellTableViewCell.xib */; };
		4222AA1024252D0B00047104 /* TableViewCell+Design.swift in Sources */ = {isa = PBXBuildFile; fileRef = 4222AA0F24252D0B00047104 /* TableViewCell+Design.swift */; };
		422684652423E955001C6734 /* NowPlaying.storyboard in Resources */ = {isa = PBXBuildFile; fileRef = 422684642423E955001C6734 /* NowPlaying.storyboard */; };
		4226846A2423EB7B001C6734 /* NowPlayingViewController.swift in Sources */ = {isa = PBXBuildFile; fileRef = 422684692423EB7B001C6734 /* NowPlayingViewController.swift */; };
		42293136242D6A2B008CF84E /* TrendingMovies.storyboard in Resources */ = {isa = PBXBuildFile; fileRef = 42293135242D6A2B008CF84E /* TrendingMovies.storyboard */; };
		4229313A242D6A51008CF84E /* TrendingViewController.swift in Sources */ = {isa = PBXBuildFile; fileRef = 42293139242D6A51008CF84E /* TrendingViewController.swift */; };
		4229313E242D6BDF008CF84E /* TrendingCollectionViewCell.swift in Sources */ = {isa = PBXBuildFile; fileRef = 4229313C242D6BDF008CF84E /* TrendingCollectionViewCell.swift */; };
		4229313F242D6BDF008CF84E /* TrendingCollectionViewCell.xib in Resources */ = {isa = PBXBuildFile; fileRef = 4229313D242D6BDF008CF84E /* TrendingCollectionViewCell.xib */; };
		422C1617243426C40009C9CE /* TopRatedTableViewCell.swift in Sources */ = {isa = PBXBuildFile; fileRef = 422C1615243426C40009C9CE /* TopRatedTableViewCell.swift */; };
		422C1618243426C40009C9CE /* TopRatedTableViewCell.xib in Resources */ = {isa = PBXBuildFile; fileRef = 422C1616243426C40009C9CE /* TopRatedTableViewCell.xib */; };
		4238F1C524283E36007FEB9D /* InfoViewController.swift in Sources */ = {isa = PBXBuildFile; fileRef = 4238F1C424283E36007FEB9D /* InfoViewController.swift */; };
		4238F1C824285EB6007FEB9D /* Search.storyboard in Resources */ = {isa = PBXBuildFile; fileRef = 4238F1C724285EB6007FEB9D /* Search.storyboard */; };
		4238F1CB24285EED007FEB9D /* SearchViewController.swift in Sources */ = {isa = PBXBuildFile; fileRef = 4238F1CA24285EED007FEB9D /* SearchViewController.swift */; };
		4247A568242D2E45000E5203 /* SearchMovieInfoViewController.swift in Sources */ = {isa = PBXBuildFile; fileRef = 4247A567242D2E45000E5203 /* SearchMovieInfoViewController.swift */; };
		424AB46F24304ACF00679FD3 /* TrendingSelectedInfoViewController.swift in Sources */ = {isa = PBXBuildFile; fileRef = 424AB46E24304ACF00679FD3 /* TrendingSelectedInfoViewController.swift */; };
		426C77522423E53F00E99DA0 /* AppDelegate.swift in Sources */ = {isa = PBXBuildFile; fileRef = 426C77512423E53F00E99DA0 /* AppDelegate.swift */; };
		426C77542423E53F00E99DA0 /* SceneDelegate.swift in Sources */ = {isa = PBXBuildFile; fileRef = 426C77532423E53F00E99DA0 /* SceneDelegate.swift */; };
		426C77592423E53F00E99DA0 /* Main.storyboard in Resources */ = {isa = PBXBuildFile; fileRef = 426C77572423E53F00E99DA0 /* Main.storyboard */; };
		426C775B2423E54000E99DA0 /* Assets.xcassets in Resources */ = {isa = PBXBuildFile; fileRef = 426C775A2423E54000E99DA0 /* Assets.xcassets */; };
		426C775E2423E54000E99DA0 /* LaunchScreen.storyboard in Resources */ = {isa = PBXBuildFile; fileRef = 426C775C2423E54000E99DA0 /* LaunchScreen.storyboard */; };
		4278C41C242D8A75000738AA /* ImageView+Design.swift in Sources */ = {isa = PBXBuildFile; fileRef = 4278C41B242D8A75000738AA /* ImageView+Design.swift */; };
		90B0EFBBAEDF864F4D711DF6 /* Pods_Watchy.framework in Frameworks */ = {isa = PBXBuildFile; fileRef = 773F65A1A4ACC6680557A93D /* Pods_Watchy.framework */; };
/* End PBXBuildFile section */

/* Begin PBXFileReference section */
		4215BF9D24343E800057CD07 /* TopRatedInfoViewController.swift */ = {isa = PBXFileReference; lastKnownFileType = sourcecode.swift; path = TopRatedInfoViewController.swift; sourceTree = "<group>"; };
		4220F275242B13BB00ACA591 /* SearchedCellTableViewCell.swift */ = {isa = PBXFileReference; lastKnownFileType = sourcecode.swift; path = SearchedCellTableViewCell.swift; sourceTree = "<group>"; };
		4220F276242B13BB00ACA591 /* SearchedCellTableViewCell.xib */ = {isa = PBXFileReference; lastKnownFileType = file.xib; path = SearchedCellTableViewCell.xib; sourceTree = "<group>"; };
		4222AA09242521D400047104 /* CustomCellTableViewCell.swift */ = {isa = PBXFileReference; lastKnownFileType = sourcecode.swift; path = CustomCellTableViewCell.swift; sourceTree = "<group>"; };
		4222AA0A242521D400047104 /* CustomCellTableViewCell.xib */ = {isa = PBXFileReference; lastKnownFileType = file.xib; path = CustomCellTableViewCell.xib; sourceTree = "<group>"; };
		4222AA0F24252D0B00047104 /* TableViewCell+Design.swift */ = {isa = PBXFileReference; lastKnownFileType = sourcecode.swift; path = "TableViewCell+Design.swift"; sourceTree = "<group>"; };
		422684642423E955001C6734 /* NowPlaying.storyboard */ = {isa = PBXFileReference; lastKnownFileType = file.storyboard; path = NowPlaying.storyboard; sourceTree = "<group>"; };
		422684692423EB7B001C6734 /* NowPlayingViewController.swift */ = {isa = PBXFileReference; lastKnownFileType = sourcecode.swift; path = NowPlayingViewController.swift; sourceTree = "<group>"; };
		42293135242D6A2B008CF84E /* TrendingMovies.storyboard */ = {isa = PBXFileReference; lastKnownFileType = file.storyboard; path = TrendingMovies.storyboard; sourceTree = "<group>"; };
		42293139242D6A51008CF84E /* TrendingViewController.swift */ = {isa = PBXFileReference; lastKnownFileType = sourcecode.swift; path = TrendingViewController.swift; sourceTree = "<group>"; };
		4229313C242D6BDF008CF84E /* TrendingCollectionViewCell.swift */ = {isa = PBXFileReference; lastKnownFileType = sourcecode.swift; path = TrendingCollectionViewCell.swift; sourceTree = "<group>"; };
		4229313D242D6BDF008CF84E /* TrendingCollectionViewCell.xib */ = {isa = PBXFileReference; lastKnownFileType = file.xib; path = TrendingCollectionViewCell.xib; sourceTree = "<group>"; };
		422C1615243426C40009C9CE /* TopRatedTableViewCell.swift */ = {isa = PBXFileReference; lastKnownFileType = sourcecode.swift; path = TopRatedTableViewCell.swift; sourceTree = "<group>"; };
		422C1616243426C40009C9CE /* TopRatedTableViewCell.xib */ = {isa = PBXFileReference; lastKnownFileType = file.xib; path = TopRatedTableViewCell.xib; sourceTree = "<group>"; };
		4238F1C424283E36007FEB9D /* InfoViewController.swift */ = {isa = PBXFileReference; lastKnownFileType = sourcecode.swift; path = InfoViewController.swift; sourceTree = "<group>"; };
		4238F1C724285EB6007FEB9D /* Search.storyboard */ = {isa = PBXFileReference; lastKnownFileType = file.storyboard; path = Search.storyboard; sourceTree = "<group>"; };
		4238F1CA24285EED007FEB9D /* SearchViewController.swift */ = {isa = PBXFileReference; lastKnownFileType = sourcecode.swift; path = SearchViewController.swift; sourceTree = "<group>"; };
		4247A567242D2E45000E5203 /* SearchMovieInfoViewController.swift */ = {isa = PBXFileReference; lastKnownFileType = sourcecode.swift; path = SearchMovieInfoViewController.swift; sourceTree = "<group>"; };
		424AB46E24304ACF00679FD3 /* TrendingSelectedInfoViewController.swift */ = {isa = PBXFileReference; lastKnownFileType = sourcecode.swift; path = TrendingSelectedInfoViewController.swift; sourceTree = "<group>"; };
		426C774E2423E53F00E99DA0 /* Watchy.app */ = {isa = PBXFileReference; explicitFileType = wrapper.application; includeInIndex = 0; path = Watchy.app; sourceTree = BUILT_PRODUCTS_DIR; };
		426C77512423E53F00E99DA0 /* AppDelegate.swift */ = {isa = PBXFileReference; lastKnownFileType = sourcecode.swift; path = AppDelegate.swift; sourceTree = "<group>"; };
		426C77532423E53F00E99DA0 /* SceneDelegate.swift */ = {isa = PBXFileReference; lastKnownFileType = sourcecode.swift; path = SceneDelegate.swift; sourceTree = "<group>"; };
		426C77582423E53F00E99DA0 /* Base */ = {isa = PBXFileReference; lastKnownFileType = file.storyboard; name = Base; path = Base.lproj/Main.storyboard; sourceTree = "<group>"; };
		426C775A2423E54000E99DA0 /* Assets.xcassets */ = {isa = PBXFileReference; lastKnownFileType = folder.assetcatalog; path = Assets.xcassets; sourceTree = "<group>"; };
		426C775D2423E54000E99DA0 /* Base */ = {isa = PBXFileReference; lastKnownFileType = file.storyboard; name = Base; path = Base.lproj/LaunchScreen.storyboard; sourceTree = "<group>"; };
		426C775F2423E54000E99DA0 /* Info.plist */ = {isa = PBXFileReference; lastKnownFileType = text.plist.xml; path = Info.plist; sourceTree = "<group>"; };
		4278C41B242D8A75000738AA /* ImageView+Design.swift */ = {isa = PBXFileReference; lastKnownFileType = sourcecode.swift; path = "ImageView+Design.swift"; sourceTree = "<group>"; };
		50A670F36962795FC5B101EB /* Pods-Watchy.release.xcconfig */ = {isa = PBXFileReference; includeInIndex = 1; lastKnownFileType = text.xcconfig; name = "Pods-Watchy.release.xcconfig"; path = "Target Support Files/Pods-Watchy/Pods-Watchy.release.xcconfig"; sourceTree = "<group>"; };
		773F65A1A4ACC6680557A93D /* Pods_Watchy.framework */ = {isa = PBXFileReference; explicitFileType = wrapper.framework; includeInIndex = 0; path = Pods_Watchy.framework; sourceTree = BUILT_PRODUCTS_DIR; };
		FD1A2C0947634B69D2A8908D /* Pods-Watchy.debug.xcconfig */ = {isa = PBXFileReference; includeInIndex = 1; lastKnownFileType = text.xcconfig; name = "Pods-Watchy.debug.xcconfig"; path = "Target Support Files/Pods-Watchy/Pods-Watchy.debug.xcconfig"; sourceTree = "<group>"; };
/* End PBXFileReference section */

/* Begin PBXFrameworksBuildPhase section */
		426C774B2423E53F00E99DA0 /* Frameworks */ = {
			isa = PBXFrameworksBuildPhase;
			buildActionMask = 2147483647;
			files = (
				90B0EFBBAEDF864F4D711DF6 /* Pods_Watchy.framework in Frameworks */,
			);
			runOnlyForDeploymentPostprocessing = 0;
		};
/* End PBXFrameworksBuildPhase section */

/* Begin PBXGroup section */
		3FA716921929610DBB589305 /* Pods */ = {
			isa = PBXGroup;
			children = (
				FD1A2C0947634B69D2A8908D /* Pods-Watchy.debug.xcconfig */,
				50A670F36962795FC5B101EB /* Pods-Watchy.release.xcconfig */,
			);
			path = Pods;
			sourceTree = "<group>";
		};
		4220F274242B139600ACA591 /* Custom Cells */ = {
			isa = PBXGroup;
			children = (
				4220F275242B13BB00ACA591 /* SearchedCellTableViewCell.swift */,
				4220F276242B13BB00ACA591 /* SearchedCellTableViewCell.xib */,
			);
			path = "Custom Cells";
			sourceTree = "<group>";
		};
		4222AA08242521BA00047104 /* Custom Cells */ = {
			isa = PBXGroup;
			children = (
				4222AA09242521D400047104 /* CustomCellTableViewCell.swift */,
				4222AA0A242521D400047104 /* CustomCellTableViewCell.xib */,
			);
			path = "Custom Cells";
			sourceTree = "<group>";
		};
		4222AA0E24252CF000047104 /* Extenstions */ = {
			isa = PBXGroup;
			children = (
				4222AA0F24252D0B00047104 /* TableViewCell+Design.swift */,
				4278C41B242D8A75000738AA /* ImageView+Design.swift */,
			);
			path = Extenstions;
			sourceTree = "<group>";
		};
		422684662423EB51001C6734 /* Now Playing */ = {
			isa = PBXGroup;
			children = (
				4222AA08242521BA00047104 /* Custom Cells */,
				422684682423EB6D001C6734 /* Controllers */,
				422684672423EB64001C6734 /* Views */,
			);
			path = "Now Playing";
			sourceTree = "<group>";
		};
		422684672423EB64001C6734 /* Views */ = {
			isa = PBXGroup;
			children = (
				422684642423E955001C6734 /* NowPlaying.storyboard */,
			);
			path = Views;
			sourceTree = "<group>";
		};
		422684682423EB6D001C6734 /* Controllers */ = {
			isa = PBXGroup;
			children = (
				422684692423EB7B001C6734 /* NowPlayingViewController.swift */,
				4238F1C424283E36007FEB9D /* InfoViewController.swift */,
			);
			path = Controllers;
			sourceTree = "<group>";
		};
		42293134242D6A16008CF84E /* Trending */ = {
			isa = PBXGroup;
			children = (
				422C16102434267B0009C9CE /* Custom Cells 2 */,
				4229313B242D6BCC008CF84E /* Custom Cells */,
				42293138242D6A44008CF84E /* Controllers */,
				42293137242D6A3D008CF84E /* Views */,
			);
			path = Trending;
			sourceTree = "<group>";
		};
		42293137242D6A3D008CF84E /* Views */ = {
			isa = PBXGroup;
			children = (
				42293135242D6A2B008CF84E /* TrendingMovies.storyboard */,
			);
			path = Views;
			sourceTree = "<group>";
		};
		42293138242D6A44008CF84E /* Controllers */ = {
			isa = PBXGroup;
			children = (
				42293139242D6A51008CF84E /* TrendingViewController.swift */,
				424AB46E24304ACF00679FD3 /* TrendingSelectedInfoViewController.swift */,
				4215BF9D24343E800057CD07 /* TopRatedInfoViewController.swift */,
			);
			path = Controllers;
			sourceTree = "<group>";
		};
		4229313B242D6BCC008CF84E /* Custom Cells */ = {
			isa = PBXGroup;
			children = (
				4229313C242D6BDF008CF84E /* TrendingCollectionViewCell.swift */,
				4229313D242D6BDF008CF84E /* TrendingCollectionViewCell.xib */,
			);
			path = "Custom Cells";
			sourceTree = "<group>";
		};
		422C16102434267B0009C9CE /* Custom Cells 2 */ = {
			isa = PBXGroup;
			children = (
				422C1615243426C40009C9CE /* TopRatedTableViewCell.swift */,
				422C1616243426C40009C9CE /* TopRatedTableViewCell.xib */,
			);
			path = "Custom Cells 2";
			sourceTree = "<group>";
		};
		4238F1C624285E8E007FEB9D /* Search Movie */ = {
			isa = PBXGroup;
			children = (
				4220F274242B139600ACA591 /* Custom Cells */,
				4238F1C924285EE0007FEB9D /* Controllers */,
				4238F1CC24285F2B007FEB9D /* Views */,
			);
			path = "Search Movie";
			sourceTree = "<group>";
		};
		4238F1C924285EE0007FEB9D /* Controllers */ = {
			isa = PBXGroup;
			children = (
				4238F1CA24285EED007FEB9D /* SearchViewController.swift */,
				4247A567242D2E45000E5203 /* SearchMovieInfoViewController.swift */,
			);
			path = Controllers;
			sourceTree = "<group>";
		};
		4238F1CC24285F2B007FEB9D /* Views */ = {
			isa = PBXGroup;
			children = (
				4238F1C724285EB6007FEB9D /* Search.storyboard */,
			);
			path = Views;
			sourceTree = "<group>";
		};
		426C77452423E53F00E99DA0 = {
			isa = PBXGroup;
			children = (
				426C77502423E53F00E99DA0 /* Watchy */,
				426C774F2423E53F00E99DA0 /* Products */,
				3FA716921929610DBB589305 /* Pods */,
				EDF290AA8ADCB0C2AF2D316D /* Frameworks */,
			);
			sourceTree = "<group>";
		};
		426C774F2423E53F00E99DA0 /* Products */ = {
			isa = PBXGroup;
			children = (
				426C774E2423E53F00E99DA0 /* Watchy.app */,
			);
			name = Products;
			sourceTree = "<group>";
		};
		426C77502423E53F00E99DA0 /* Watchy */ = {
			isa = PBXGroup;
			children = (
				426C77512423E53F00E99DA0 /* AppDelegate.swift */,
				426C77532423E53F00E99DA0 /* SceneDelegate.swift */,
				4222AA0E24252CF000047104 /* Extenstions */,
				42293134242D6A16008CF84E /* Trending */,
				4238F1C624285E8E007FEB9D /* Search Movie */,
				422684662423EB51001C6734 /* Now Playing */,
				426C77572423E53F00E99DA0 /* Main.storyboard */,
				426C775A2423E54000E99DA0 /* Assets.xcassets */,
				426C775C2423E54000E99DA0 /* LaunchScreen.storyboard */,
				426C775F2423E54000E99DA0 /* Info.plist */,
			);
			path = Watchy;
			sourceTree = "<group>";
		};
		EDF290AA8ADCB0C2AF2D316D /* Frameworks */ = {
			isa = PBXGroup;
			children = (
				773F65A1A4ACC6680557A93D /* Pods_Watchy.framework */,
			);
			name = Frameworks;
			sourceTree = "<group>";
		};
/* End PBXGroup section */

/* Begin PBXNativeTarget section */
		426C774D2423E53F00E99DA0 /* Watchy */ = {
			isa = PBXNativeTarget;
			buildConfigurationList = 426C77622423E54000E99DA0 /* Build configuration list for PBXNativeTarget "Watchy" */;
			buildPhases = (
				074E3C45C21D81CB1AD6B5C3 /* [CP] Check Pods Manifest.lock */,
				426C774A2423E53F00E99DA0 /* Sources */,
				426C774B2423E53F00E99DA0 /* Frameworks */,
				426C774C2423E53F00E99DA0 /* Resources */,
				D1318D3C8ACA1D84195EF61C /* [CP] Embed Pods Frameworks */,
			);
			buildRules = (
			);
			dependencies = (
			);
			name = Watchy;
			productName = Watchy;
			productReference = 426C774E2423E53F00E99DA0 /* Watchy.app */;
			productType = "com.apple.product-type.application";
		};
/* End PBXNativeTarget section */

/* Begin PBXProject section */
		426C77462423E53F00E99DA0 /* Project object */ = {
			isa = PBXProject;
			attributes = {
				LastSwiftUpdateCheck = 1130;
				LastUpgradeCheck = 1130;
				ORGANIZATIONNAME = "Dionte Silmon";
				TargetAttributes = {
					426C774D2423E53F00E99DA0 = {
						CreatedOnToolsVersion = 11.3.1;
					};
				};
			};
			buildConfigurationList = 426C77492423E53F00E99DA0 /* Build configuration list for PBXProject "Watchy" */;
			compatibilityVersion = "Xcode 9.3";
			developmentRegion = en;
			hasScannedForEncodings = 0;
			knownRegions = (
				en,
				Base,
			);
			mainGroup = 426C77452423E53F00E99DA0;
			productRefGroup = 426C774F2423E53F00E99DA0 /* Products */;
			projectDirPath = "";
			projectRoot = "";
			targets = (
				426C774D2423E53F00E99DA0 /* Watchy */,
			);
		};
/* End PBXProject section */

/* Begin PBXResourcesBuildPhase section */
		426C774C2423E53F00E99DA0 /* Resources */ = {
			isa = PBXResourcesBuildPhase;
			buildActionMask = 2147483647;
			files = (
				4220F278242B13BB00ACA591 /* SearchedCellTableViewCell.xib in Resources */,
				422684652423E955001C6734 /* NowPlaying.storyboard in Resources */,
				4229313F242D6BDF008CF84E /* TrendingCollectionViewCell.xib in Resources */,
				426C775E2423E54000E99DA0 /* LaunchScreen.storyboard in Resources */,
				4222AA0C242521D400047104 /* CustomCellTableViewCell.xib in Resources */,
				426C775B2423E54000E99DA0 /* Assets.xcassets in Resources */,
				422C1618243426C40009C9CE /* TopRatedTableViewCell.xib in Resources */,
				4238F1C824285EB6007FEB9D /* Search.storyboard in Resources */,
				42293136242D6A2B008CF84E /* TrendingMovies.storyboard in Resources */,
				426C77592423E53F00E99DA0 /* Main.storyboard in Resources */,
			);
			runOnlyForDeploymentPostprocessing = 0;
		};
/* End PBXResourcesBuildPhase section */

/* Begin PBXShellScriptBuildPhase section */
		074E3C45C21D81CB1AD6B5C3 /* [CP] Check Pods Manifest.lock */ = {
			isa = PBXShellScriptBuildPhase;
			buildActionMask = 2147483647;
			files = (
			);
			inputFileListPaths = (
			);
			inputPaths = (
				"${PODS_PODFILE_DIR_PATH}/Podfile.lock",
				"${PODS_ROOT}/Manifest.lock",
			);
			name = "[CP] Check Pods Manifest.lock";
			outputFileListPaths = (
			);
			outputPaths = (
				"$(DERIVED_FILE_DIR)/Pods-Watchy-checkManifestLockResult.txt",
			);
			runOnlyForDeploymentPostprocessing = 0;
			shellPath = /bin/sh;
			shellScript = "diff \"${PODS_PODFILE_DIR_PATH}/Podfile.lock\" \"${PODS_ROOT}/Manifest.lock\" > /dev/null\nif [ $? != 0 ] ; then\n    # print error to STDERR\n    echo \"error: The sandbox is not in sync with the Podfile.lock. Run 'pod install' or update your CocoaPods installation.\" >&2\n    exit 1\nfi\n# This output is used by Xcode 'outputs' to avoid re-running this script phase.\necho \"SUCCESS\" > \"${SCRIPT_OUTPUT_FILE_0}\"\n";
			showEnvVarsInLog = 0;
		};
		D1318D3C8ACA1D84195EF61C /* [CP] Embed Pods Frameworks */ = {
			isa = PBXShellScriptBuildPhase;
			buildActionMask = 2147483647;
			files = (
			);
			inputFileListPaths = (
				"${PODS_ROOT}/Target Support Files/Pods-Watchy/Pods-Watchy-frameworks-${CONFIGURATION}-input-files.xcfilelist",
			);
			name = "[CP] Embed Pods Frameworks";
			outputFileListPaths = (
				"${PODS_ROOT}/Target Support Files/Pods-Watchy/Pods-Watchy-frameworks-${CONFIGURATION}-output-files.xcfilelist",
			);
			runOnlyForDeploymentPostprocessing = 0;
			shellPath = /bin/sh;
			shellScript = "\"${PODS_ROOT}/Target Support Files/Pods-Watchy/Pods-Watchy-frameworks.sh\"\n";
			showEnvVarsInLog = 0;
		};
/* End PBXShellScriptBuildPhase section */

/* Begin PBXSourcesBuildPhase section */
		426C774A2423E53F00E99DA0 /* Sources */ = {
			isa = PBXSourcesBuildPhase;
			buildActionMask = 2147483647;
			files = (
				424AB46F24304ACF00679FD3 /* TrendingSelectedInfoViewController.swift in Sources */,
				4226846A2423EB7B001C6734 /* NowPlayingViewController.swift in Sources */,
				4215BF9E24343E800057CD07 /* TopRatedInfoViewController.swift in Sources */,
				4247A568242D2E45000E5203 /* SearchMovieInfoViewController.swift in Sources */,
				4229313E242D6BDF008CF84E /* TrendingCollectionViewCell.swift in Sources */,
				4229313A242D6A51008CF84E /* TrendingViewController.swift in Sources */,
				4222AA1024252D0B00047104 /* TableViewCell+Design.swift in Sources */,
				4238F1CB24285EED007FEB9D /* SearchViewController.swift in Sources */,
				4238F1C524283E36007FEB9D /* InfoViewController.swift in Sources */,
				426C77522423E53F00E99DA0 /* AppDelegate.swift in Sources */,
				422C1617243426C40009C9CE /* TopRatedTableViewCell.swift in Sources */,
				4278C41C242D8A75000738AA /* ImageView+Design.swift in Sources */,
				4222AA0B242521D400047104 /* CustomCellTableViewCell.swift in Sources */,
				426C77542423E53F00E99DA0 /* SceneDelegate.swift in Sources */,
				4220F277242B13BB00ACA591 /* SearchedCellTableViewCell.swift in Sources */,
			);
			runOnlyForDeploymentPostprocessing = 0;
		};
/* End PBXSourcesBuildPhase section */

/* Begin PBXVariantGroup section */
		426C77572423E53F00E99DA0 /* Main.storyboard */ = {
			isa = PBXVariantGroup;
			children = (
				426C77582423E53F00E99DA0 /* Base */,
			);
			name = Main.storyboard;
			sourceTree = "<group>";
		};
		426C775C2423E54000E99DA0 /* LaunchScreen.storyboard */ = {
			isa = PBXVariantGroup;
			children = (
				426C775D2423E54000E99DA0 /* Base */,
			);
			name = LaunchScreen.storyboard;
			sourceTree = "<group>";
		};
/* End PBXVariantGroup section */

/* Begin XCBuildConfiguration section */
		426C77602423E54000E99DA0 /* Debug */ = {
			isa = XCBuildConfiguration;
			buildSettings = {
				ALWAYS_SEARCH_USER_PATHS = NO;
				CLANG_ANALYZER_NONNULL = YES;
				CLANG_ANALYZER_NUMBER_OBJECT_CONVERSION = YES_AGGRESSIVE;
				CLANG_CXX_LANGUAGE_STANDARD = "gnu++14";
				CLANG_CXX_LIBRARY = "libc++";
				CLANG_ENABLE_MODULES = YES;
				CLANG_ENABLE_OBJC_ARC = YES;
				CLANG_ENABLE_OBJC_WEAK = YES;
				CLANG_WARN_BLOCK_CAPTURE_AUTORELEASING = YES;
				CLANG_WARN_BOOL_CONVERSION = YES;
				CLANG_WARN_COMMA = YES;
				CLANG_WARN_CONSTANT_CONVERSION = YES;
				CLANG_WARN_DEPRECATED_OBJC_IMPLEMENTATIONS = YES;
				CLANG_WARN_DIRECT_OBJC_ISA_USAGE = YES_ERROR;
				CLANG_WARN_DOCUMENTATION_COMMENTS = YES;
				CLANG_WARN_EMPTY_BODY = YES;
				CLANG_WARN_ENUM_CONVERSION = YES;
				CLANG_WARN_INFINITE_RECURSION = YES;
				CLANG_WARN_INT_CONVERSION = YES;
				CLANG_WARN_NON_LITERAL_NULL_CONVERSION = YES;
				CLANG_WARN_OBJC_IMPLICIT_RETAIN_SELF = YES;
				CLANG_WARN_OBJC_LITERAL_CONVERSION = YES;
				CLANG_WARN_OBJC_ROOT_CLASS = YES_ERROR;
				CLANG_WARN_RANGE_LOOP_ANALYSIS = YES;
				CLANG_WARN_STRICT_PROTOTYPES = YES;
				CLANG_WARN_SUSPICIOUS_MOVE = YES;
				CLANG_WARN_UNGUARDED_AVAILABILITY = YES_AGGRESSIVE;
				CLANG_WARN_UNREACHABLE_CODE = YES;
				CLANG_WARN__DUPLICATE_METHOD_MATCH = YES;
				COPY_PHASE_STRIP = NO;
				DEBUG_INFORMATION_FORMAT = dwarf;
				ENABLE_STRICT_OBJC_MSGSEND = YES;
				ENABLE_TESTABILITY = YES;
				GCC_C_LANGUAGE_STANDARD = gnu11;
				GCC_DYNAMIC_NO_PIC = NO;
				GCC_NO_COMMON_BLOCKS = YES;
				GCC_OPTIMIZATION_LEVEL = 0;
				GCC_PREPROCESSOR_DEFINITIONS = (
					"DEBUG=1",
					"$(inherited)",
				);
				GCC_WARN_64_TO_32_BIT_CONVERSION = YES;
				GCC_WARN_ABOUT_RETURN_TYPE = YES_ERROR;
				GCC_WARN_UNDECLARED_SELECTOR = YES;
				GCC_WARN_UNINITIALIZED_AUTOS = YES_AGGRESSIVE;
				GCC_WARN_UNUSED_FUNCTION = YES;
				GCC_WARN_UNUSED_VARIABLE = YES;
				IPHONEOS_DEPLOYMENT_TARGET = 13.2;
				MTL_ENABLE_DEBUG_INFO = INCLUDE_SOURCE;
				MTL_FAST_MATH = YES;
				ONLY_ACTIVE_ARCH = YES;
				SDKROOT = iphoneos;
				SWIFT_ACTIVE_COMPILATION_CONDITIONS = DEBUG;
				SWIFT_OPTIMIZATION_LEVEL = "-Onone";
			};
			name = Debug;
		};
		426C77612423E54000E99DA0 /* Release */ = {
			isa = XCBuildConfiguration;
			buildSettings = {
				ALWAYS_SEARCH_USER_PATHS = NO;
				CLANG_ANALYZER_NONNULL = YES;
				CLANG_ANALYZER_NUMBER_OBJECT_CONVERSION = YES_AGGRESSIVE;
				CLANG_CXX_LANGUAGE_STANDARD = "gnu++14";
				CLANG_CXX_LIBRARY = "libc++";
				CLANG_ENABLE_MODULES = YES;
				CLANG_ENABLE_OBJC_ARC = YES;
				CLANG_ENABLE_OBJC_WEAK = YES;
				CLANG_WARN_BLOCK_CAPTURE_AUTORELEASING = YES;
				CLANG_WARN_BOOL_CONVERSION = YES;
				CLANG_WARN_COMMA = YES;
				CLANG_WARN_CONSTANT_CONVERSION = YES;
				CLANG_WARN_DEPRECATED_OBJC_IMPLEMENTATIONS = YES;
				CLANG_WARN_DIRECT_OBJC_ISA_USAGE = YES_ERROR;
				CLANG_WARN_DOCUMENTATION_COMMENTS = YES;
				CLANG_WARN_EMPTY_BODY = YES;
				CLANG_WARN_ENUM_CONVERSION = YES;
				CLANG_WARN_INFINITE_RECURSION = YES;
				CLANG_WARN_INT_CONVERSION = YES;
				CLANG_WARN_NON_LITERAL_NULL_CONVERSION = YES;
				CLANG_WARN_OBJC_IMPLICIT_RETAIN_SELF = YES;
				CLANG_WARN_OBJC_LITERAL_CONVERSION = YES;
				CLANG_WARN_OBJC_ROOT_CLASS = YES_ERROR;
				CLANG_WARN_RANGE_LOOP_ANALYSIS = YES;
				CLANG_WARN_STRICT_PROTOTYPES = YES;
				CLANG_WARN_SUSPICIOUS_MOVE = YES;
				CLANG_WARN_UNGUARDED_AVAILABILITY = YES_AGGRESSIVE;
				CLANG_WARN_UNREACHABLE_CODE = YES;
				CLANG_WARN__DUPLICATE_METHOD_MATCH = YES;
				COPY_PHASE_STRIP = NO;
				DEBUG_INFORMATION_FORMAT = "dwarf-with-dsym";
				ENABLE_NS_ASSERTIONS = NO;
				ENABLE_STRICT_OBJC_MSGSEND = YES;
				GCC_C_LANGUAGE_STANDARD = gnu11;
				GCC_NO_COMMON_BLOCKS = YES;
				GCC_WARN_64_TO_32_BIT_CONVERSION = YES;
				GCC_WARN_ABOUT_RETURN_TYPE = YES_ERROR;
				GCC_WARN_UNDECLARED_SELECTOR = YES;
				GCC_WARN_UNINITIALIZED_AUTOS = YES_AGGRESSIVE;
				GCC_WARN_UNUSED_FUNCTION = YES;
				GCC_WARN_UNUSED_VARIABLE = YES;
				IPHONEOS_DEPLOYMENT_TARGET = 13.2;
				MTL_ENABLE_DEBUG_INFO = NO;
				MTL_FAST_MATH = YES;
				SDKROOT = iphoneos;
				SWIFT_COMPILATION_MODE = wholemodule;
				SWIFT_OPTIMIZATION_LEVEL = "-O";
				VALIDATE_PRODUCT = YES;
			};
			name = Release;
		};
		426C77632423E54000E99DA0 /* Debug */ = {
			isa = XCBuildConfiguration;
			baseConfigurationReference = FD1A2C0947634B69D2A8908D /* Pods-Watchy.debug.xcconfig */;
			buildSettings = {
				ASSETCATALOG_COMPILER_APPICON_NAME = AppIcon;
				CODE_SIGN_STYLE = Automatic;
				INFOPLIST_FILE = Watchy/Info.plist;
				IPHONEOS_DEPLOYMENT_TARGET = 13.0;
				LD_RUNPATH_SEARCH_PATHS = (
					"$(inherited)",
					"@executable_path/Frameworks",
				);
				PRODUCT_BUNDLE_IDENTIFIER = com.example.Watchy;
				PRODUCT_NAME = "$(TARGET_NAME)";
				SWIFT_VERSION = 5.0;
				TARGETED_DEVICE_FAMILY = 1;
			};
			name = Debug;
		};
		426C77642423E54000E99DA0 /* Release */ = {
			isa = XCBuildConfiguration;
			baseConfigurationReference = 50A670F36962795FC5B101EB /* Pods-Watchy.release.xcconfig */;
			buildSettings = {
				ASSETCATALOG_COMPILER_APPICON_NAME = AppIcon;
				CODE_SIGN_STYLE = Automatic;
				INFOPLIST_FILE = Watchy/Info.plist;
				IPHONEOS_DEPLOYMENT_TARGET = 13.0;
				LD_RUNPATH_SEARCH_PATHS = (
					"$(inherited)",
					"@executable_path/Frameworks",
				);
				PRODUCT_BUNDLE_IDENTIFIER = com.example.Watchy;
				PRODUCT_NAME = "$(TARGET_NAME)";
				SWIFT_VERSION = 5.0;
				TARGETED_DEVICE_FAMILY = 1;
			};
			name = Release;
		};
/* End XCBuildConfiguration section */

/* Begin XCConfigurationList section */
		426C77492423E53F00E99DA0 /* Build configuration list for PBXProject "Watchy" */ = {
			isa = XCConfigurationList;
			buildConfigurations = (
				426C77602423E54000E99DA0 /* Debug */,
				426C77612423E54000E99DA0 /* Release */,
			);
			defaultConfigurationIsVisible = 0;
			defaultConfigurationName = Release;
		};
		426C77622423E54000E99DA0 /* Build configuration list for PBXNativeTarget "Watchy" */ = {
			isa = XCConfigurationList;
			buildConfigurations = (
				426C77632423E54000E99DA0 /* Debug */,
				426C77642423E54000E99DA0 /* Release */,
			);
			defaultConfigurationIsVisible = 0;
			defaultConfigurationName = Release;
		};
/* End XCConfigurationList section */
	};
	rootObject = 426C77462423E53F00E99DA0 /* Project object */;
}
